
Microsoft Visual Studio Solution File, Format Version 12.00
# Visual Studio 2013
VisualStudioVersion = 12.0.31101.0
MinimumVisualStudioVersion = 10.0.40219.1
Project("{FAE04EC0-301F-11D3-BF4B-00C04F79EFBC}") = "HelloWorld.Repo", "HelloWorld.Repo\HelloWorld.Repo.csproj", "{AEF9A13F-1677-455E-ABD0-88BD8595D51D}"
EndProject
Project("{FAE04EC0-301F-11D3-BF4B-00C04F79EFBC}") = "HelloWorld.Web", "HelloWorld.Web\HelloWorld.Web.csproj", "{70CBCA06-7420-477B-99E6-DCE078842547}"
EndProject
Project("{FAE04EC0-301F-11D3-BF4B-00C04F79EFBC}") = "HelloWorld.Tests", "HelloWorld.Tests\HelloWorld.Tests.csproj", "{CAF470AC-F6C3-4B87-BF51-BEEECF82A2E3}"
EndProject
Global
	GlobalSection(SolutionConfigurationPlatforms) = preSolution
		Debug|Any CPU = Debug|Any CPU
		Release|Any CPU = Release|Any CPU
	EndGlobalSection
	GlobalSection(ProjectConfigurationPlatforms) = postSolution
		{AEF9A13F-1677-455E-ABD0-88BD8595D51D}.Debug|Any CPU.ActiveCfg = Debug|Any CPU
		{AEF9A13F-1677-455E-ABD0-88BD8595D51D}.Debug|Any CPU.Build.0 = Debug|Any CPU
		{AEF9A13F-1677-455E-ABD0-88BD8595D51D}.Release|Any CPU.ActiveCfg = Release|Any CPU
		{AEF9A13F-1677-455E-ABD0-88BD8595D51D}.Release|Any CPU.Build.0 = Release|Any CPU
		{70CBCA06-7420-477B-99E6-DCE078842547}.Debug|Any CPU.ActiveCfg = Debug|Any CPU
		{70CBCA06-7420-477B-99E6-DCE078842547}.Debug|Any CPU.Build.0 = Debug|Any CPU
		{70CBCA06-7420-477B-99E6-DCE078842547}.Release|Any CPU.ActiveCfg = Release|Any CPU
		{70CBCA06-7420-477B-99E6-DCE078842547}.Release|Any CPU.Build.0 = Release|Any CPU
		{CAF470AC-F6C3-4B87-BF51-BEEECF82A2E3}.Debug|Any CPU.ActiveCfg = Debug|Any CPU
		{CAF470AC-F6C3-4B87-BF51-BEEECF82A2E3}.Debug|Any CPU.Build.0 = Debug|Any CPU
		{CAF470AC-F6C3-4B87-BF51-BEEECF82A2E3}.Release|Any CPU.ActiveCfg = Release|Any CPU
		{CAF470AC-F6C3-4B87-BF51-BEEECF82A2E3}.Release|Any CPU.Build.0 = Release|Any CPU
	EndGlobalSection
	GlobalSection(SolutionProperties) = preSolution
		HideSolutionNode = FALSE
	EndGlobalSection
EndGlobal
